
Microsoft Visual Studio Solution File, Format Version 12.00
# Visual Studio 14
VisualStudioVersion = 14.0.23107.0
MinimumVisualStudioVersion = 10.0.40219.1
Project("{FAE04EC0-301F-11D3-BF4B-00C04F79EFBC}") = "ArchitectureConstraint", "ArchitectureConstraint\ArchitectureConstraint.csproj", "{A97CAC6A-A387-41CA-B42F-C0DB6D3737A1}"
EndProject
Project("{FAE04EC0-301F-11D3-BF4B-00C04F79EFBC}") = "MyApp.WithoutPostSharp", "MyApp.WithoutPostSharp\MyApp.WithoutPostSharp.csproj", "{7453795C-CB3A-4985-A1DF-E7AB24A243D6}"
EndProject
Project("{FAE04EC0-301F-11D3-BF4B-00C04F79EFBC}") = "MyApp.WithPostSharp", "MyApp.WithPostSharp\MyApp.WithPostSharp.csproj", "{B10B8456-75F7-4D68-9775-CC87517B07B6}"
EndProject
Global
	GlobalSection(SolutionConfigurationPlatforms) = preSolution
		Debug|Any CPU = Debug|Any CPU
		Release|Any CPU = Release|Any CPU
	EndGlobalSection
	GlobalSection(ProjectConfigurationPlatforms) = postSolution
		{A97CAC6A-A387-41CA-B42F-C0DB6D3737A1}.Debug|Any CPU.ActiveCfg = Debug|Any CPU
		{A97CAC6A-A387-41CA-B42F-C0DB6D3737A1}.Debug|Any CPU.Build.0 = Debug|Any CPU
		{A97CAC6A-A387-41CA-B42F-C0DB6D3737A1}.Release|Any CPU.ActiveCfg = Release|Any CPU
		{A97CAC6A-A387-41CA-B42F-C0DB6D3737A1}.Release|Any CPU.Build.0 = Release|Any CPU
		{7453795C-CB3A-4985-A1DF-E7AB24A243D6}.Debug|Any CPU.ActiveCfg = Debug|Any CPU
		{7453795C-CB3A-4985-A1DF-E7AB24A243D6}.Debug|Any CPU.Build.0 = Debug|Any CPU
		{7453795C-CB3A-4985-A1DF-E7AB24A243D6}.Release|Any CPU.ActiveCfg = Release|Any CPU
		{7453795C-CB3A-4985-A1DF-E7AB24A243D6}.Release|Any CPU.Build.0 = Release|Any CPU
		{B10B8456-75F7-4D68-9775-CC87517B07B6}.Debug|Any CPU.ActiveCfg = Debug|Any CPU
		{B10B8456-75F7-4D68-9775-CC87517B07B6}.Debug|Any CPU.Build.0 = Debug|Any CPU
		{B10B8456-75F7-4D68-9775-CC87517B07B6}.Release|Any CPU.ActiveCfg = Release|Any CPU
		{B10B8456-75F7-4D68-9775-CC87517B07B6}.Release|Any CPU.Build.0 = Release|Any CPU
	EndGlobalSection
	GlobalSection(SolutionProperties) = preSolution
		HideSolutionNode = FALSE
	EndGlobalSection
EndGlobal
